
Microsoft Visual Studio Solution File, Format Version 12.00
# Visual Studio Version 17
VisualStudioVersion = 17.14.36202.13 d17.14
MinimumVisualStudioVersion = 10.0.40219.1
Project("{FAE04EC0-301F-11D3-BF4B-00C04F79EFBC}") = "ConsoleApp1", "ConsoleApp1\ConsoleApp1.csproj", "{7C6B9D78-DFD0-4A57-8EC5-0E9CF9FF3909}"
EndProject
Global
	GlobalSection(SolutionConfigurationPlatforms) = preSolution
		Debug|Any CPU = Debug|Any CPU
		Release|Any CPU = Release|Any CPU
	EndGlobalSection
	GlobalSection(ProjectConfigurationPlatforms) = postSolution
		{7C6B9D78-DFD0-4A57-8EC5-0E9CF9FF3909}.Debug|Any CPU.ActiveCfg = Debug|Any CPU
		{7C6B9D78-DFD0-4A57-8EC5-0E9CF9FF3909}.Debug|Any CPU.Build.0 = Debug|Any CPU
		{7C6B9D78-DFD0-4A57-8EC5-0E9CF9FF3909}.Release|Any CPU.ActiveCfg = Release|Any CPU
		{7C6B9D78-DFD0-4A57-8EC5-0E9CF9FF3909}.Release|Any CPU.Build.0 = Release|Any CPU
	EndGlobalSection
	GlobalSection(SolutionProperties) = preSolution
		HideSolutionNode = FALSE
	EndGlobalSection
	GlobalSection(ExtensibilityGlobals) = postSolution
		SolutionGuid = {EC1CA8A8-A050-4D29-8FF4-89C946AE7122}
	EndGlobalSection
EndGlobal
